
Microsoft Visual Studio Solution File, Format Version 12.00
# Visual Studio Version 17
VisualStudioVersion = 17.10.35013.160
MinimumVisualStudioVersion = 10.0.40219.1
Project("{FAE04EC0-301F-11D3-BF4B-00C04F79EFBC}") = "ClaimPortalUserCreation", "ClaimPortalUserCreation.csproj", "{2227A351-268A-457E-AB81-27D174867B45}"
EndProject
Global
	GlobalSection(SolutionConfigurationPlatforms) = preSolution
		Debug|Any CPU = Debug|Any CPU
		Release|Any CPU = Release|Any CPU
	EndGlobalSection
	GlobalSection(ProjectConfigurationPlatforms) = postSolution
		{2227A351-268A-457E-AB81-27D174867B45}.Debug|Any CPU.ActiveCfg = Debug|Any CPU
		{2227A351-268A-457E-AB81-27D174867B45}.Debug|Any CPU.Build.0 = Debug|Any CPU
		{2227A351-268A-457E-AB81-27D174867B45}.Release|Any CPU.ActiveCfg = Release|Any CPU
		{2227A351-268A-457E-AB81-27D174867B45}.Release|Any CPU.Build.0 = Release|Any CPU
	EndGlobalSection
	GlobalSection(SolutionProperties) = preSolution
		HideSolutionNode = FALSE
	EndGlobalSection
	GlobalSection(ExtensibilityGlobals) = postSolution
		SolutionGuid = {E42C1FA6-BDDF-4884-9EFA-D80CA5CEEC45}
	EndGlobalSection
EndGlobal
